{
  "name": "pixi-test",
  "version": "1.0.0",
  "lockfileVersion": 1,
  "requires": true,
  "dependencies": {
    "@pixi/accessibility": {
      "version": "6.1.0",
      "resolved": "https://registry.npmjs.org/@pixi/accessibility/-/accessibility-6.1.0.tgz",
      "integrity": "sha512-SDbu08F0eXTc5jqkJdLoX5G6yrSD68V5X7nU9+AfVL5mYdR+wkAuDXjcOINbGq2vxHPN6fgoBNZIDNPfRHeATw=="
    },
    "@pixi/app": {
      "version": "6.1.0",
      "resolved": "https://registry.npmjs.org/@pixi/app/-/app-6.1.0.tgz",
      "integrity": "sha512-QIMNyMpswWAIXo1RhTbnem7DEdNnrYCV8RLK9E9nZ3NlzP3587IuMEmNfwZp7PsvMJXehH2opY/hlYxVOmYxew=="
    },
    "@pixi/compressed-textures": {
      "version": "6.1.0",
      "resolved": "https://registry.npmjs.org/@pixi/compressed-textures/-/compressed-textures-6.1.0.tgz",
      "integrity": "sha512-3Go+GT43avgzyX4+fFYiTEfjR5pHrzafKpVlMvttC9xGRhMV1BZFDi1rKjHYuYk8SgNycuqRa2RulsoVq0bQUw=="
    },
    "@pixi/constants": {
      "version": "6.1.0",
      "resolved": "https://registry.npmjs.org/@pixi/constants/-/constants-6.1.0.tgz",
      "integrity": "sha512-4mIvvyiovu/tT1m32fQO/pYwGxO/ch9ZGOArAcsVKx0gWEk/Whi0fuJVxgCemu8gpSFkcIJreWnOiLUzZCVpdQ=="
    },
    "@pixi/core": {
      "version": "6.1.0",
      "resolved": "https://registry.npmjs.org/@pixi/core/-/core-6.1.0.tgz",
      "integrity": "sha512-u6pXk8K05ZLhFNQxg+mtlHA6IjV0+lr/IDrEbx55eDZo+ImJwI4ummkJ/uiXaNn04GG0tVAQt+y5+e3fJjVFEQ=="
    },
    "@pixi/display": {
      "version": "6.1.0",
      "resolved": "https://registry.npmjs.org/@pixi/display/-/display-6.1.0.tgz",
      "integrity": "sha512-Jb1V54kpJXiGjKFx1qe5NhZyl1u6Z1t3o6mWawIFbXKiOJs+nkouUqRyPX2877cu1zkufbAalEe5V8WXOkqixg=="
    },
    "@pixi/extract": {
      "version": "6.1.0",
      "resolved": "https://registry.npmjs.org/@pixi/extract/-/extract-6.1.0.tgz",
      "integrity": "sha512-QqOb9jZ473mt8NDuAnfD/oUuXefspGLOoVTfHD+NVRP0J3P4Mnzq98ljHHpOFII/XgM8Jam6YRuOlTGyT7H+vg=="
    },
    "@pixi/filter-alpha": {
      "version": "6.1.0",
      "resolved": "https://registry.npmjs.org/@pixi/filter-alpha/-/filter-alpha-6.1.0.tgz",
      "integrity": "sha512-giNst0xR8h3Ulkk3u6JEN8L1TmZsE5JEPZ+brvdZ336k6wiRMxkqIZ2wt1w9cQLq3PY3MAiUO+SZkYr4Zr1GJg=="
    },
    "@pixi/filter-blur": {
      "version": "6.1.0",
      "resolved": "https://registry.npmjs.org/@pixi/filter-blur/-/filter-blur-6.1.0.tgz",
      "integrity": "sha512-EskO2DjKGyOwSMQIqVkONJgG8rdF7Ja9EtBBuWGL6V+lE7DUQ0I25+D13+12HD3OMUsEnXyZWmlYtGW9BD9P7g=="
    },
    "@pixi/filter-color-matrix": {
      "version": "6.1.0",
      "resolved": "https://registry.npmjs.org/@pixi/filter-color-matrix/-/filter-color-matrix-6.1.0.tgz",
      "integrity": "sha512-8OE8EDyV8KEUhcqwQxeNvW6r0YMBrQXS7IZLUlCvIVdM5rI24qBA1n9ec5w8ofe7A6jdMArmV4NwiNiSHCkYvw=="
    },
    "@pixi/filter-displacement": {
      "version": "6.1.0",
      "resolved": "https://registry.npmjs.org/@pixi/filter-displacement/-/filter-displacement-6.1.0.tgz",
      "integrity": "sha512-ZmsLEYhLQLxVbhP688ofv0bmfRXObYk2Xa3ORwKgivyJeX3UqizP+OUHa1mJ+4n6Q50BwtCra/Cg+TJ0q2R0wQ=="
    },
    "@pixi/filter-fxaa": {
      "version": "6.1.0",
      "resolved": "https://registry.npmjs.org/@pixi/filter-fxaa/-/filter-fxaa-6.1.0.tgz",
      "integrity": "sha512-htFHMvW7GId9UTw5c8Mdd4FU3RGTg9aSsQ04yQCJekm54pwQsTGzkbElGTVWHznurflOhjAJJRib6dtWW1CY8A=="
    },
    "@pixi/filter-noise": {
      "version": "6.1.0",
      "resolved": "https://registry.npmjs.org/@pixi/filter-noise/-/filter-noise-6.1.0.tgz",
      "integrity": "sha512-5qdW1UZOcN8pJsyp/L7qNzGvigGwKB0c+RvI9LKWn/DsWC4WfAhatMtKV7dTsYNSRE+MWaFbelBQZT6wYw05Jg=="
    },
    "@pixi/graphics": {
      "version": "6.1.0",
      "resolved": "https://registry.npmjs.org/@pixi/graphics/-/graphics-6.1.0.tgz",
      "integrity": "sha512-NfbVX/TIXYrzUDItrXCg6c9LKM6Td1O+xXFnM9uP6EQQ1cyH5uUHtkSR0xgnPpdcs8IEa/FgyOmABEJ+G17syA=="
    },
    "@pixi/graphics-extras": {
      "version": "6.1.1",
      "resolved": "https://registry.npmjs.org/@pixi/graphics-extras/-/graphics-extras-6.1.1.tgz",
      "integrity": "sha512-+yYItIDVdJ575ISqGcoxmVsh1rlCZ+pZoUM5Tgbr2yNPWrZgzW57x/lqxKlPlx7Xslagm07ntOt3JdAj+MJgqw=="
    },
    "@pixi/interaction": {
      "version": "6.1.0",
      "resolved": "https://registry.npmjs.org/@pixi/interaction/-/interaction-6.1.0.tgz",
      "integrity": "sha512-0GijG3v7oWET96FaFC59ozNrXa5D/fROpZSh2ywwL0NRvftLcjHOSDMGxDXhrlfpsjPgLVqDQQUHAcpIKigleA=="
    },
    "@pixi/loaders": {
      "version": "6.1.0",
      "resolved": "https://registry.npmjs.org/@pixi/loaders/-/loaders-6.1.0.tgz",
      "integrity": "sha512-0RcJuWKJx+4r2lZoVWMfSdaMjC+gGTouDrnGFNX6NGRRXXE3vKQdyFlwwkaJzUefvsjbNe4cYxC7iws9lqL3oA=="
    },
    "@pixi/math": {
      "version": "6.1.0",
      "resolved": "https://registry.npmjs.org/@pixi/math/-/math-6.1.0.tgz",
      "integrity": "sha512-4INGyMqO7z02kTzHEp/7sl1TOrIhPmKLx3jNUDyQ/J7RPJJE3ZbgEktZcfmG0tofJoW3KbLqL4fd6k/FIi5Hsw=="
    },
    "@pixi/mesh": {
      "version": "6.1.0",
      "resolved": "https://registry.npmjs.org/@pixi/mesh/-/mesh-6.1.0.tgz",
      "integrity": "sha512-l3zFMs9ENGB8y5PIRMCf2/7nHXu40yfeBZq4bPYIJJeHztkzaNKDbEFtDOx/Y1+QrG8VX4LiDWQ+sE7Tk+qIRA=="
    },
    "@pixi/mesh-extras": {
      "version": "6.1.0",
      "resolved": "https://registry.npmjs.org/@pixi/mesh-extras/-/mesh-extras-6.1.0.tgz",
      "integrity": "sha512-/l/ohKrxDRkho85TcGPZrturJPQRUSGLoctIkWCqhNePMk9ATLVQ2ihg7GR1glaYqvxMOQXj5qqIfEC/T7eMlw=="
    },
    "@pixi/mixin-cache-as-bitmap": {
      "version": "6.1.0",
      "resolved": "https://registry.npmjs.org/@pixi/mixin-cache-as-bitmap/-/mixin-cache-as-bitmap-6.1.0.tgz",
      "integrity": "sha512-nwmXcfw7cFyhZwNDFHZLyE7dhJvLEZbm0BJ5cpiDb2HC1g4U5+BfGkjxQulUh2JfdOaqTp7EeU8K5okMVvcdnQ=="
    },
    "@pixi/mixin-get-child-by-name": {
      "version": "6.1.0",
      "resolved": "https://registry.npmjs.org/@pixi/mixin-get-child-by-name/-/mixin-get-child-by-name-6.1.0.tgz",
      "integrity": "sha512-F78olhSbF9ukDigA27hqcPFYrqw0Yj6Z+2NLYVxyWD8vys8Cfev8wtztDk50WYVnCRk8BRYiTiEAtBGYIPSbYA=="
    },
    "@pixi/mixin-get-global-position": {
      "version": "6.1.0",
      "resolved": "https://registry.npmjs.org/@pixi/mixin-get-global-position/-/mixin-get-global-position-6.1.0.tgz",
      "integrity": "sha512-c/mrnEv7ZuKnjjaME+8jyOiP/Mtk2cq/UXDEM+lwOX98zVdxiaBFf13BhnMPnVq7Vq1+HeDDRZ2/VIlrLkU9Ag=="
    },
    "@pixi/particle-container": {
      "version": "6.1.0",
      "resolved": "https://registry.npmjs.org/@pixi/particle-container/-/particle-container-6.1.0.tgz",
      "integrity": "sha512-Nu/UqG6n66b51UPdfQjuVfuGnM+D3caUqQCq2rLGVJIJmfrd38J0AooOaTtqePuadQWII2g3pFZ+dXv0oN1Blg=="
    },
    "@pixi/polyfill": {
      "version": "6.1.0",
      "resolved": "https://registry.npmjs.org/@pixi/polyfill/-/polyfill-6.1.0.tgz",
      "integrity": "sha512-gLz7eyfz5PAKxL7y9qI47O91WQyzuPFvuWm9sTxyncsgY7nchJxi6vUuxjLtFDd9vzl+/PXFDHyRGFyDe8tSkg==",
      "requires": {
        "object-assign": "^4.1.1",
        "promise-polyfill": "^8.2.0"
      }
    },
    "@pixi/prepare": {
      "version": "6.1.0",
      "resolved": "https://registry.npmjs.org/@pixi/prepare/-/prepare-6.1.0.tgz",
      "integrity": "sha512-IdQ0gefbDt4anT59MxZznaY3EZQwvGE9K2Jo3+6t+3ZOvRlsgOLHdMFbNy9N0/MzKp9TAvuvzEj5WW2NoHx5Yw=="
    },
    "@pixi/runner": {
      "version": "6.1.0",
      "resolved": "https://registry.npmjs.org/@pixi/runner/-/runner-6.1.0.tgz",
      "integrity": "sha512-Pf6WmyBZSQg9mf3wpB3UvnZNX9GeRDoC4gMcQEYxw0rZDe0Z0JwzrkV0EGGyGHCZSssdx4+K1+vUxUIyFWdymw=="
    },
    "@pixi/settings": {
      "version": "6.1.0",
      "resolved": "https://registry.npmjs.org/@pixi/settings/-/settings-6.1.0.tgz",
      "integrity": "sha512-dVVOGqnCwZIHNtuAyzhw9QXZPtaxq8daDXYyRfmxfKS5SWX86HMl65KJW7rmA9TIua53i/igSSQVWgAhzRkUeg==",
      "requires": {
        "ismobilejs": "^1.1.0"
      }
    },
    "@pixi/sprite": {
      "version": "6.1.0",
      "resolved": "https://registry.npmjs.org/@pixi/sprite/-/sprite-6.1.0.tgz",
      "integrity": "sha512-BnaRNiXgiqNNTN2a9WaeMPZtLP+v/D8W/fymNkjg2wWrs4FwnpT0lPGAL0YHFoBO328LI8qTCy6BCBZg74V4aQ=="
    },
    "@pixi/sprite-animated": {
      "version": "6.1.0",
      "resolved": "https://registry.npmjs.org/@pixi/sprite-animated/-/sprite-animated-6.1.0.tgz",
      "integrity": "sha512-yL6Fe+xyXb9m/NkofUcigE3+NYUA3VrKajacf/ONXND897A7JLCihqXS9cHJHJGTNL3X+wsba1iZc9Rax5H0Sg=="
    },
    "@pixi/sprite-tiling": {
      "version": "6.1.0",
      "resolved": "https://registry.npmjs.org/@pixi/sprite-tiling/-/sprite-tiling-6.1.0.tgz",
      "integrity": "sha512-7a0NubCDrLG5pK7rrLAQJoju0EydL71kljm1TgqhcnoYV7n70Dbpoz+N4OuPyObOyEz9VvcnPMy5srp9FNllfw=="
    },
    "@pixi/spritesheet": {
      "version": "6.1.0",
      "resolved": "https://registry.npmjs.org/@pixi/spritesheet/-/spritesheet-6.1.0.tgz",
      "integrity": "sha512-7kh7OuYujRGOAw1Pe6EtwH2Yzov80Qss2MtDlHNplJ+loImd/SCthFhsmpRrOb/lSBtxVn3h+pUzV0bc7bxQXg=="
    },
    "@pixi/text": {
      "version": "6.1.0",
      "resolved": "https://registry.npmjs.org/@pixi/text/-/text-6.1.0.tgz",
      "integrity": "sha512-Yul5LqVYr/XW21uNAoMrkjn7p63RfD19c0S6EWCV18QOJaOjz6ZwzPMg6wpm6b+2i/Ob6F8ZFZdSwAM0hznRYg=="
    },
    "@pixi/text-bitmap": {
      "version": "6.1.0",
      "resolved": "https://registry.npmjs.org/@pixi/text-bitmap/-/text-bitmap-6.1.0.tgz",
      "integrity": "sha512-xcpRzXueq/XPqVJyd0FeJhdnmXcap8clZMrzLjND8blIWS9sJDJKXrpTmNco/JdOrU+vuOkWRau2OSJJKd882A=="
    },
    "@pixi/ticker": {
      "version": "6.1.0",
      "resolved": "https://registry.npmjs.org/@pixi/ticker/-/ticker-6.1.0.tgz",
      "integrity": "sha512-tCh1dhmriLKLMcxTJ9usm1UZEK2+M5nEwvyec9kouF4EMi/PiGup65+pwTHK4SvjXD+9vbtTDam39fWYXCpRxg=="
    },
    "@pixi/utils": {
      "version": "6.1.0",
      "resolved": "https://registry.npmjs.org/@pixi/utils/-/utils-6.1.0.tgz",
      "integrity": "sha512-N7LaVjo2NiP0/4DMX6Hj6SsSoFFEA1Pc3U/I/kQJHj9OyLrNSpcl9PZEiPusnuhpMr+zlQKa+MMU+RyTj+06Hw==",
      "requires": {
        "@types/earcut": "^2.1.0",
        "earcut": "^2.2.2",
        "eventemitter3": "^3.1.0",
        "url": "^0.11.0"
      }
    },
    "@types/earcut": {
      "version": "2.1.1",
      "resolved": "https://registry.npmjs.org/@types/earcut/-/earcut-2.1.1.tgz",
      "integrity": "sha512-w8oigUCDjElRHRRrMvn/spybSMyX8MTkKA5Dv+tS1IE/TgmNZPqUYtvYBXGY8cieSE66gm+szeK+bnbxC2xHTQ=="
    },
    "bezier-easing": {
      "version": "0.4.3",
      "resolved": "https://registry.npmjs.org/bezier-easing/-/bezier-easing-0.4.3.tgz",
      "integrity": "sha1-jY0jLkvZJ5tIVN5S6U6HoVlVPS8="
    },
    "earcut": {
      "version": "2.2.3",
      "resolved": "https://registry.npmjs.org/earcut/-/earcut-2.2.3.tgz",
      "integrity": "sha512-iRDI1QeCQIhMCZk48DRDMVgQSSBDmbzzNhnxIo+pwx3swkfjMh6vh0nWLq1NdvGHLKH6wIrAM3vQWeTj6qeoug=="
    },
    "eventemitter3": {
      "version": "3.1.2",
      "resolved": "https://registry.npmjs.org/eventemitter3/-/eventemitter3-3.1.2.tgz",
      "integrity": "sha512-tvtQIeLVHjDkJYnzf2dgVMxfuSGJeM/7UCG17TT4EumTfNtF+0nebF/4zWOIkCreAbtNqhGEboB6BWrwqNaw4Q=="
    },
    "fs-extra": {
      "version": "10.0.0",
      "resolved": "https://registry.npmjs.org/fs-extra/-/fs-extra-10.0.0.tgz",
      "integrity": "sha512-C5owb14u9eJwizKGdchcDUQeFtlSHHthBk8pbX9Vc1PFZrLombudjDnNns88aYslCyF6IY5SUw3Roz6xShcEIQ==",
      "requires": {
        "graceful-fs": "^4.2.0",
        "jsonfile": "^6.0.1",
        "universalify": "^2.0.0"
      }
    },
    "graceful-fs": {
      "version": "4.2.8",
      "resolved": "https://registry.npmjs.org/graceful-fs/-/graceful-fs-4.2.8.tgz",
      "integrity": "sha512-qkIilPUYcNhJpd33n0GBXTB1MMPp14TxEsEs0pTrsSVucApsYzW5V+Q8Qxhik6KU3evy+qkAAowTByymK0avdg=="
    },
    "gridjs": {
      "version": "5.0.2",
      "resolved": "https://registry.npmjs.org/gridjs/-/gridjs-5.0.2.tgz",
      "integrity": "sha512-7EaMc4/IhqRcSbdOYvHOlHETciWmbbhMU6rDr2e0UfzIXSkb7X3Lhf9+bGv+v4JaWnJW5GBillgIIHrAvIIoFg==",
      "requires": {
        "preact": "^10.5.12",
        "tslib": "^2.0.1"
      }
    },
    "ismobilejs": {
      "version": "1.1.1",
      "resolved": "https://registry.npmjs.org/ismobilejs/-/ismobilejs-1.1.1.tgz",
      "integrity": "sha512-VaFW53yt8QO61k2WJui0dHf4SlL8lxBofUuUmwBo0ljPk0Drz2TiuDW4jo3wDcv41qy/SxrJ+VAzJ/qYqsmzRw=="
    },
    "jsonfile": {
      "version": "6.1.0",
      "resolved": "https://registry.npmjs.org/jsonfile/-/jsonfile-6.1.0.tgz",
      "integrity": "sha512-5dgndWOriYSm5cnYaJNhalLNDKOqFwyDB/rr1E9ZsGciGvKPs8R2xYGCacuf3z6K1YKDz182fd+fY3cn3pMqXQ==",
      "requires": {
        "graceful-fs": "^4.1.6",
        "universalify": "^2.0.0"
      }
    },
    "leaflet": {
      "version": "1.7.1",
      "resolved": "https://registry.npmjs.org/leaflet/-/leaflet-1.7.1.tgz",
      "integrity": "sha512-/xwPEBidtg69Q3HlqPdU3DnrXQOvQU/CCHA1tcDQVzOwm91YMYaILjNp7L4Eaw5Z4sOYdbBz6koWyibppd8Zqw=="
    },
    "leaflet-pixi-overlay": {
      "version": "1.8.2",
      "resolved": "https://registry.npmjs.org/leaflet-pixi-overlay/-/leaflet-pixi-overlay-1.8.2.tgz",
      "integrity": "sha512-4xG9+yIndWuaEzpiInd6E5u9BqHpPdDRve4Dc647K5KlrYkC6HwiRtuRF2aCSFzognBQmESiS7O/2JlpjWexdA=="
    },
    "object-assign": {
      "version": "4.1.1",
      "resolved": "https://registry.npmjs.org/object-assign/-/object-assign-4.1.1.tgz",
      "integrity": "sha1-IQmtx5ZYh8/AXLvUQsrIv7s2CGM="
    },
    "pixi.js": {
      "version": "6.1.0",
      "resolved": "https://registry.npmjs.org/pixi.js/-/pixi.js-6.1.0.tgz",
      "integrity": "sha512-uBcM3wivcLq7CPwLGkcyGscsvRST4TcXSlgXaH46P6mxNnJoDgVJtEYwYP+5H9g7b96ZBo5We6lddO+mmz7cXw==",
      "requires": {
        "@pixi/accessibility": "6.1.0",
        "@pixi/app": "6.1.0",
        "@pixi/compressed-textures": "6.1.0",
        "@pixi/constants": "6.1.0",
        "@pixi/core": "6.1.0",
        "@pixi/display": "6.1.0",
        "@pixi/extract": "6.1.0",
        "@pixi/filter-alpha": "6.1.0",
        "@pixi/filter-blur": "6.1.0",
        "@pixi/filter-color-matrix": "6.1.0",
        "@pixi/filter-displacement": "6.1.0",
        "@pixi/filter-fxaa": "6.1.0",
        "@pixi/filter-noise": "6.1.0",
        "@pixi/graphics": "6.1.0",
        "@pixi/interaction": "6.1.0",
        "@pixi/loaders": "6.1.0",
        "@pixi/math": "6.1.0",
        "@pixi/mesh": "6.1.0",
        "@pixi/mesh-extras": "6.1.0",
        "@pixi/mixin-cache-as-bitmap": "6.1.0",
        "@pixi/mixin-get-child-by-name": "6.1.0",
        "@pixi/mixin-get-global-position": "6.1.0",
        "@pixi/particle-container": "6.1.0",
        "@pixi/polyfill": "6.1.0",
        "@pixi/prepare": "6.1.0",
        "@pixi/runner": "6.1.0",
        "@pixi/settings": "6.1.0",
        "@pixi/sprite": "6.1.0",
        "@pixi/sprite-animated": "6.1.0",
        "@pixi/sprite-tiling": "6.1.0",
        "@pixi/spritesheet": "6.1.0",
        "@pixi/text": "6.1.0",
        "@pixi/text-bitmap": "6.1.0",
        "@pixi/ticker": "6.1.0",
        "@pixi/utils": "6.1.0"
      }
    },
    "preact": {
      "version": "10.5.14",
      "resolved": "https://registry.npmjs.org/preact/-/preact-10.5.14.tgz",
      "integrity": "sha512-KojoltCrshZ099ksUZ2OQKfbH66uquFoxHSbnwKbTJHeQNvx42EmC7wQVWNuDt6vC5s3nudRHFtKbpY4ijKlaQ=="
    },
    "promise-polyfill": {
      "version": "8.2.0",
      "resolved": "https://registry.npmjs.org/promise-polyfill/-/promise-polyfill-8.2.0.tgz",
      "integrity": "sha512-k/TC0mIcPVF6yHhUvwAp7cvL6I2fFV7TzF1DuGPI8mBh4QQazf36xCKEHKTZKRysEoTQoQdKyP25J8MPJp7j5g=="
    },
    "punycode": {
      "version": "1.3.2",
      "resolved": "https://registry.npmjs.org/punycode/-/punycode-1.3.2.tgz",
      "integrity": "sha1-llOgNvt8HuQjQvIyXM7v6jkmxI0="
    },
    "querystring": {
      "version": "0.2.0",
      "resolved": "https://registry.npmjs.org/querystring/-/querystring-0.2.0.tgz",
      "integrity": "sha1-sgmEkgO7Jd+CDadW50cAWHhSFiA="
    },
    "tslib": {
      "version": "2.3.0",
      "resolved": "https://registry.npmjs.org/tslib/-/tslib-2.3.0.tgz",
      "integrity": "sha512-N82ooyxVNm6h1riLCoyS9e3fuJ3AMG2zIZs2Gd1ATcSFjSA23Q0fzjjZeh0jbJvWVDZ0cJT8yaNNaaXHzueNjg=="
    },
    "universalify": {
      "version": "2.0.0",
      "resolved": "https://registry.npmjs.org/universalify/-/universalify-2.0.0.tgz",
      "integrity": "sha512-hAZsKq7Yy11Zu1DE0OzWjw7nnLZmJZYTDZZyEFHZdUhV8FkH5MCfoU1XMaxXovpyW5nq5scPqq0ZDP9Zyl04oQ=="
    },
    "url": {
      "version": "0.11.0",
      "resolved": "https://registry.npmjs.org/url/-/url-0.11.0.tgz",
      "integrity": "sha1-ODjpfPxgUh63PFJajlW/3Z4uKPE=",
      "requires": {
        "punycode": "1.3.2",
        "querystring": "0.2.0"
      }
    }
  }
}
